
Microsoft Visual Studio Solution File, Format Version 12.00
# Visual Studio Version 17
VisualStudioVersion = 17.13.35931.197 d17.13
MinimumVisualStudioVersion = 10.0.40219.1
Project("{FAE04EC0-301F-11D3-BF4B-00C04F79EFBC}") = "W7_OOP", "W7_OOP\W7_OOP.csproj", "{549473C7-B5CB-4C5D-87C5-478005982CE7}"
EndProject
Global
	GlobalSection(SolutionConfigurationPlatforms) = preSolution
		Debug|Any CPU = Debug|Any CPU
		Release|Any CPU = Release|Any CPU
	EndGlobalSection
	GlobalSection(ProjectConfigurationPlatforms) = postSolution
		{549473C7-B5CB-4C5D-87C5-478005982CE7}.Debug|Any CPU.ActiveCfg = Debug|Any CPU
		{549473C7-B5CB-4C5D-87C5-478005982CE7}.Debug|Any CPU.Build.0 = Debug|Any CPU
		{549473C7-B5CB-4C5D-87C5-478005982CE7}.Release|Any CPU.ActiveCfg = Release|Any CPU
		{549473C7-B5CB-4C5D-87C5-478005982CE7}.Release|Any CPU.Build.0 = Release|Any CPU
	EndGlobalSection
	GlobalSection(SolutionProperties) = preSolution
		HideSolutionNode = FALSE
	EndGlobalSection
	GlobalSection(ExtensibilityGlobals) = postSolution
		SolutionGuid = {F137BA70-1713-47D8-B031-1E64ECBDCB61}
	EndGlobalSection
EndGlobal
