
Microsoft Visual Studio Solution File, Format Version 12.00
# Visual Studio Version 17
VisualStudioVersion = 17.13.35931.197 d17.13
MinimumVisualStudioVersion = 10.0.40219.1
Project("{FAE04EC0-301F-11D3-BF4B-00C04F79EFBC}") = "W4", "W4.csproj", "{AD62C52A-2723-4176-8579-3DF090CAFB8A}"
EndProject
Global
	GlobalSection(SolutionConfigurationPlatforms) = preSolution
		Debug|Any CPU = Debug|Any CPU
		Release|Any CPU = Release|Any CPU
	EndGlobalSection
	GlobalSection(ProjectConfigurationPlatforms) = postSolution
		{AD62C52A-2723-4176-8579-3DF090CAFB8A}.Debug|Any CPU.ActiveCfg = Debug|Any CPU
		{AD62C52A-2723-4176-8579-3DF090CAFB8A}.Debug|Any CPU.Build.0 = Debug|Any CPU
		{AD62C52A-2723-4176-8579-3DF090CAFB8A}.Release|Any CPU.ActiveCfg = Release|Any CPU
		{AD62C52A-2723-4176-8579-3DF090CAFB8A}.Release|Any CPU.Build.0 = Release|Any CPU
	EndGlobalSection
	GlobalSection(SolutionProperties) = preSolution
		HideSolutionNode = FALSE
	EndGlobalSection
	GlobalSection(ExtensibilityGlobals) = postSolution
		SolutionGuid = {7EE575EE-E5AC-4564-9F64-110FA3AA7644}
	EndGlobalSection
EndGlobal
